PODS:
  - SnapKit (5.6.0)
  - SwiftLint (0.50.3)
  - SwipeableTabBarController (3.4.2)

DEPENDENCIES:
  - SnapKit (~> 5.6.0)
  - SwiftLint
  - SwipeableTabBarController

SPEC REPOS:
  trunk:
    - SnapKit
    - SwiftLint
    - SwipeableTabBarController

SPEC CHECKSUMS:
  SnapKit: e01d52ebb8ddbc333eefe2132acf85c8227d9c25
  SwiftLint: 77f7cb2b9bb81ab4a12fcc86448ba3f11afa50c6
  SwipeableTabBarController: 9a218bdee9426d1bfe36d7962f852024bb08d61b

PODFILE CHECKSUM: 1173a42edd308a4a5c1c3b8bab68f7e3e5dead32

COCOAPODS: 1.11.3
