// !$*UTF8*$!
{
	archiveVersion = 1;
	classes = {
	};
	objectVersion = 56;
	objects = {

/* Begin PBXBuildFile section */
		09AAB01E0CF8DA27A1979F3B /* Pods_mpei_app_mpei_appUITests.framework in Frameworks */ = {isa = PBXBuildFile; fileRef = 06B488D2B0690206E4E594DB /* Pods_mpei_app_mpei_appUITests.framework */; };
		2C2304672951F56C0069BDA3 /* UIColor+Extension.swift in Sources */ = {isa = PBXBuildFile; fileRef = 2C2304662951F56C0069BDA3 /* UIColor+Extension.swift */; };
		2C42F9892950EC5B0081E87F /* Professor.swift in Sources */ = {isa = PBXBuildFile; fileRef = 2C42F9882950EC5B0081E87F /* Professor.swift */; };
		2C42F98D2950ED090081E87F /* ProfessorsViewController.swift in Sources */ = {isa = PBXBuildFile; fileRef = 2C42F98C2950ED090081E87F /* ProfessorsViewController.swift */; };
		2C42F98F2950ED180081E87F /* ProfessorPresenter.swift in Sources */ = {isa = PBXBuildFile; fileRef = 2C42F98E2950ED180081E87F /* ProfessorPresenter.swift */; };
		2C42F9912950EE510081E87F /* ProfessorsViewInputDelegate.swift in Sources */ = {isa = PBXBuildFile; fileRef = 2C42F9902950EE510081E87F /* ProfessorsViewInputDelegate.swift */; };
		2C42F9932950F1630081E87F /* ProfessorsViewOutputDelegate.swift in Sources */ = {isa = PBXBuildFile; fileRef = 2C42F9922950F1630081E87F /* ProfessorsViewOutputDelegate.swift */; };
		2C42F9962950F3290081E87F /* ProfessorsProvider.swift in Sources */ = {isa = PBXBuildFile; fileRef = 2C42F9952950F3290081E87F /* ProfessorsProvider.swift */; };
		2C42F9992950F4F20081E87F /* ProfessorViewCell.swift in Sources */ = {isa = PBXBuildFile; fileRef = 2C42F9972950F4F20081E87F /* ProfessorViewCell.swift */; };
		2C42F99A2950F4F20081E87F /* ProfessorViewCell.xib in Resources */ = {isa = PBXBuildFile; fileRef = 2C42F9982950F4F20081E87F /* ProfessorViewCell.xib */; };
		2C42F99E295103E20081E87F /* ProfileViewController.swift in Sources */ = {isa = PBXBuildFile; fileRef = 2C42F99D295103E20081E87F /* ProfileViewController.swift */; };
		2C42F9A1295105140081E87F /* LabelFactory.swift in Sources */ = {isa = PBXBuildFile; fileRef = 2C42F9A0295105140081E87F /* LabelFactory.swift */; };
		2C675879294F48EC00914252 /* AppDelegate.swift in Sources */ = {isa = PBXBuildFile; fileRef = 2C675878294F48EC00914252 /* AppDelegate.swift */; };
		2C67587B294F48EC00914252 /* SceneDelegate.swift in Sources */ = {isa = PBXBuildFile; fileRef = 2C67587A294F48EC00914252 /* SceneDelegate.swift */; };
		2C675882294F48EF00914252 /* Assets.xcassets in Resources */ = {isa = PBXBuildFile; fileRef = 2C675881294F48EF00914252 /* Assets.xcassets */; };
		2C675885294F48EF00914252 /* LaunchScreen.storyboard in Resources */ = {isa = PBXBuildFile; fileRef = 2C675883294F48EF00914252 /* LaunchScreen.storyboard */; };
		2C675890294F48EF00914252 /* mpei_appTests.swift in Sources */ = {isa = PBXBuildFile; fileRef = 2C67588F294F48EF00914252 /* mpei_appTests.swift */; };
		2C67589A294F48F000914252 /* mpei_appUITests.swift in Sources */ = {isa = PBXBuildFile; fileRef = 2C675899294F48F000914252 /* mpei_appUITests.swift */; };
		2C67589C294F48F000914252 /* mpei_appUITestsLaunchTests.swift in Sources */ = {isa = PBXBuildFile; fileRef = 2C67589B294F48F000914252 /* mpei_appUITestsLaunchTests.swift */; };
		2CA8FBF8295C7C630010C6F7 /* MKMapView+Extension.swift in Sources */ = {isa = PBXBuildFile; fileRef = 2CA8FBF7295C7C630010C6F7 /* MKMapView+Extension.swift */; };
		2CA8FBFC295C82210010C6F7 /* UniversityMapView.swift in Sources */ = {isa = PBXBuildFile; fileRef = 2CA8FBFB295C82210010C6F7 /* UniversityMapView.swift */; };
		2CA8FBFF295C84A20010C6F7 /* AnnotationsProvider.swift in Sources */ = {isa = PBXBuildFile; fileRef = 2CA8FBFE295C84A20010C6F7 /* AnnotationsProvider.swift */; };
		2CA8FC01295C86F70010C6F7 /* UniversityAnnotation.swift in Sources */ = {isa = PBXBuildFile; fileRef = 2CA8FC00295C86F70010C6F7 /* UniversityAnnotation.swift */; };
		2CE4F932294FBAF800A8AD26 /* APIKeys.swift in Sources */ = {isa = PBXBuildFile; fileRef = 2CE4F931294FBAF800A8AD26 /* APIKeys.swift */; };
		2CE4F934294FBB2800A8AD26 /* Keys.plist in Resources */ = {isa = PBXBuildFile; fileRef = 2CE4F933294FBB2800A8AD26 /* Keys.plist */; };
		2CE4F936294FC9F700A8AD26 /* AppGraph.swift in Sources */ = {isa = PBXBuildFile; fileRef = 2CE4F935294FC9F700A8AD26 /* AppGraph.swift */; };
		2CE73F62294FD273006C8DC0 /* TabBarViewController.swift in Sources */ = {isa = PBXBuildFile; fileRef = 2CE73F61294FD273006C8DC0 /* TabBarViewController.swift */; };
		2CE73F682950C471006C8DC0 /* MapViewController.swift in Sources */ = {isa = PBXBuildFile; fileRef = 2CE73F672950C471006C8DC0 /* MapViewController.swift */; };
		3919AB9B0310E379BF45120A /* Pods_mpei_app.framework in Frameworks */ = {isa = PBXBuildFile; fileRef = 6A9B1A97DEB2E77A8495A95D /* Pods_mpei_app.framework */; };
		9E2E8ED856C7C56E443983B8 /* Pods_mpei_appTests.framework in Frameworks */ = {isa = PBXBuildFile; fileRef = 8587304F573912DBE04D0C59 /* Pods_mpei_appTests.framework */; };
/* End PBXBuildFile section */

/* Begin PBXContainerItemProxy section */
		2C67588C294F48EF00914252 /* PBXContainerItemProxy */ = {
			isa = PBXContainerItemProxy;
			containerPortal = 2C67586D294F48EC00914252 /* Project object */;
			proxyType = 1;
			remoteGlobalIDString = 2C675874294F48EC00914252;
			remoteInfo = "mpei-app";
		};
		2C675896294F48F000914252 /* PBXContainerItemProxy */ = {
			isa = PBXContainerItemProxy;
			containerPortal = 2C67586D294F48EC00914252 /* Project object */;
			proxyType = 1;
			remoteGlobalIDString = 2C675874294F48EC00914252;
			remoteInfo = "mpei-app";
		};
/* End PBXContainerItemProxy section */

/* Begin PBXFileReference section */
		06B488D2B0690206E4E594DB /* Pods_mpei_app_mpei_appUITests.framework */ = {isa = PBXFileReference; explicitFileType = wrapper.framework; includeInIndex = 0; path = Pods_mpei_app_mpei_appUITests.framework; sourceTree = BUILT_PRODUCTS_DIR; };
		1040E5540B58AB0D3981DED4 /* Pods-mpei-appTests.debug.xcconfig */ = {isa = PBXFileReference; includeInIndex = 1; lastKnownFileType = text.xcconfig; name = "Pods-mpei-appTests.debug.xcconfig"; path = "Target Support Files/Pods-mpei-appTests/Pods-mpei-appTests.debug.xcconfig"; sourceTree = "<group>"; };
		2C2304662951F56C0069BDA3 /* UIColor+Extension.swift */ = {isa = PBXFileReference; lastKnownFileType = sourcecode.swift; path = "UIColor+Extension.swift"; sourceTree = "<group>"; };
		2C42F9882950EC5B0081E87F /* Professor.swift */ = {isa = PBXFileReference; lastKnownFileType = sourcecode.swift; path = Professor.swift; sourceTree = "<group>"; };
		2C42F98C2950ED090081E87F /* ProfessorsViewController.swift */ = {isa = PBXFileReference; lastKnownFileType = sourcecode.swift; path = ProfessorsViewController.swift; sourceTree = "<group>"; };
		2C42F98E2950ED180081E87F /* ProfessorPresenter.swift */ = {isa = PBXFileReference; lastKnownFileType = sourcecode.swift; path = ProfessorPresenter.swift; sourceTree = "<group>"; };
		2C42F9902950EE510081E87F /* ProfessorsViewInputDelegate.swift */ = {isa = PBXFileReference; lastKnownFileType = sourcecode.swift; path = ProfessorsViewInputDelegate.swift; sourceTree = "<group>"; };
		2C42F9922950F1630081E87F /* ProfessorsViewOutputDelegate.swift */ = {isa = PBXFileReference; lastKnownFileType = sourcecode.swift; path = ProfessorsViewOutputDelegate.swift; sourceTree = "<group>"; };
		2C42F9952950F3290081E87F /* ProfessorsProvider.swift */ = {isa = PBXFileReference; lastKnownFileType = sourcecode.swift; path = ProfessorsProvider.swift; sourceTree = "<group>"; };
		2C42F9972950F4F20081E87F /* ProfessorViewCell.swift */ = {isa = PBXFileReference; lastKnownFileType = sourcecode.swift; path = ProfessorViewCell.swift; sourceTree = "<group>"; };
		2C42F9982950F4F20081E87F /* ProfessorViewCell.xib */ = {isa = PBXFileReference; lastKnownFileType = file.xib; path = ProfessorViewCell.xib; sourceTree = "<group>"; };
		2C42F99D295103E20081E87F /* ProfileViewController.swift */ = {isa = PBXFileReference; lastKnownFileType = sourcecode.swift; path = ProfileViewController.swift; sourceTree = "<group>"; };
		2C42F9A0295105140081E87F /* LabelFactory.swift */ = {isa = PBXFileReference; lastKnownFileType = sourcecode.swift; path = LabelFactory.swift; sourceTree = "<group>"; };
		2C675875294F48EC00914252 /* mpei-app.app */ = {isa = PBXFileReference; explicitFileType = wrapper.application; includeInIndex = 0; path = "mpei-app.app"; sourceTree = BUILT_PRODUCTS_DIR; };
		2C675878294F48EC00914252 /* AppDelegate.swift */ = {isa = PBXFileReference; lastKnownFileType = sourcecode.swift; path = AppDelegate.swift; sourceTree = "<group>"; };
		2C67587A294F48EC00914252 /* SceneDelegate.swift */ = {isa = PBXFileReference; lastKnownFileType = sourcecode.swift; path = SceneDelegate.swift; sourceTree = "<group>"; };
		2C675881294F48EF00914252 /* Assets.xcassets */ = {isa = PBXFileReference; lastKnownFileType = folder.assetcatalog; path = Assets.xcassets; sourceTree = "<group>"; };
		2C675884294F48EF00914252 /* Base */ = {isa = PBXFileReference; lastKnownFileType = file.storyboard; name = Base; path = Base.lproj/LaunchScreen.storyboard; sourceTree = "<group>"; };
		2C675886294F48EF00914252 /* Info.plist */ = {isa = PBXFileReference; lastKnownFileType = text.plist.xml; path = Info.plist; sourceTree = "<group>"; };
		2C67588B294F48EF00914252 /* mpei-appTests.xctest */ = {isa = PBXFileReference; explicitFileType = wrapper.cfbundle; includeInIndex = 0; path = "mpei-appTests.xctest"; sourceTree = BUILT_PRODUCTS_DIR; };
		2C67588F294F48EF00914252 /* mpei_appTests.swift */ = {isa = PBXFileReference; lastKnownFileType = sourcecode.swift; path = mpei_appTests.swift; sourceTree = "<group>"; };
		2C675895294F48F000914252 /* mpei-appUITests.xctest */ = {isa = PBXFileReference; explicitFileType = wrapper.cfbundle; includeInIndex = 0; path = "mpei-appUITests.xctest"; sourceTree = BUILT_PRODUCTS_DIR; };
		2C675899294F48F000914252 /* mpei_appUITests.swift */ = {isa = PBXFileReference; lastKnownFileType = sourcecode.swift; path = mpei_appUITests.swift; sourceTree = "<group>"; };
		2C67589B294F48F000914252 /* mpei_appUITestsLaunchTests.swift */ = {isa = PBXFileReference; lastKnownFileType = sourcecode.swift; path = mpei_appUITestsLaunchTests.swift; sourceTree = "<group>"; };
		2CA8FBF7295C7C630010C6F7 /* MKMapView+Extension.swift */ = {isa = PBXFileReference; lastKnownFileType = sourcecode.swift; path = "MKMapView+Extension.swift"; sourceTree = "<group>"; };
		2CA8FBFB295C82210010C6F7 /* UniversityMapView.swift */ = {isa = PBXFileReference; lastKnownFileType = sourcecode.swift; path = UniversityMapView.swift; sourceTree = "<group>"; };
		2CA8FBFE295C84A20010C6F7 /* AnnotationsProvider.swift */ = {isa = PBXFileReference; lastKnownFileType = sourcecode.swift; path = AnnotationsProvider.swift; sourceTree = "<group>"; };
		2CA8FC00295C86F70010C6F7 /* UniversityAnnotation.swift */ = {isa = PBXFileReference; lastKnownFileType = sourcecode.swift; path = UniversityAnnotation.swift; sourceTree = "<group>"; };
		2CE4F931294FBAF800A8AD26 /* APIKeys.swift */ = {isa = PBXFileReference; lastKnownFileType = sourcecode.swift; path = APIKeys.swift; sourceTree = "<group>"; };
		2CE4F933294FBB2800A8AD26 /* Keys.plist */ = {isa = PBXFileReference; lastKnownFileType = text.plist.xml; path = Keys.plist; sourceTree = "<group>"; };
		2CE4F935294FC9F700A8AD26 /* AppGraph.swift */ = {isa = PBXFileReference; lastKnownFileType = sourcecode.swift; path = AppGraph.swift; sourceTree = "<group>"; };
		2CE73F61294FD273006C8DC0 /* TabBarViewController.swift */ = {isa = PBXFileReference; lastKnownFileType = sourcecode.swift; path = TabBarViewController.swift; sourceTree = "<group>"; };
		2CE73F672950C471006C8DC0 /* MapViewController.swift */ = {isa = PBXFileReference; lastKnownFileType = sourcecode.swift; path = MapViewController.swift; sourceTree = "<group>"; };
		3710924B6EA015BCB5BB5E9D /* Pods-mpei-app-mpei-appUITests.release.xcconfig */ = {isa = PBXFileReference; includeInIndex = 1; lastKnownFileType = text.xcconfig; name = "Pods-mpei-app-mpei-appUITests.release.xcconfig"; path = "Target Support Files/Pods-mpei-app-mpei-appUITests/Pods-mpei-app-mpei-appUITests.release.xcconfig"; sourceTree = "<group>"; };
		6A9B1A97DEB2E77A8495A95D /* Pods_mpei_app.framework */ = {isa = PBXFileReference; explicitFileType = wrapper.framework; includeInIndex = 0; path = Pods_mpei_app.framework; sourceTree = BUILT_PRODUCTS_DIR; };
		8587304F573912DBE04D0C59 /* Pods_mpei_appTests.framework */ = {isa = PBXFileReference; explicitFileType = wrapper.framework; includeInIndex = 0; path = Pods_mpei_appTests.framework; sourceTree = BUILT_PRODUCTS_DIR; };
		A2568C74ABB10BB13C1718AD /* Pods-mpei-appTests.release.xcconfig */ = {isa = PBXFileReference; includeInIndex = 1; lastKnownFileType = text.xcconfig; name = "Pods-mpei-appTests.release.xcconfig"; path = "Target Support Files/Pods-mpei-appTests/Pods-mpei-appTests.release.xcconfig"; sourceTree = "<group>"; };
		AE64D408E402C958BF406F2A /* Pods-mpei-app.release.xcconfig */ = {isa = PBXFileReference; includeInIndex = 1; lastKnownFileType = text.xcconfig; name = "Pods-mpei-app.release.xcconfig"; path = "Target Support Files/Pods-mpei-app/Pods-mpei-app.release.xcconfig"; sourceTree = "<group>"; };
		B2761D5A20E0273279E50034 /* Pods-mpei-app.debug.xcconfig */ = {isa = PBXFileReference; includeInIndex = 1; lastKnownFileType = text.xcconfig; name = "Pods-mpei-app.debug.xcconfig"; path = "Target Support Files/Pods-mpei-app/Pods-mpei-app.debug.xcconfig"; sourceTree = "<group>"; };
		CE8A5716B310A2398D4C41A9 /* Pods-mpei-app-mpei-appUITests.debug.xcconfig */ = {isa = PBXFileReference; includeInIndex = 1; lastKnownFileType = text.xcconfig; name = "Pods-mpei-app-mpei-appUITests.debug.xcconfig"; path = "Target Support Files/Pods-mpei-app-mpei-appUITests/Pods-mpei-app-mpei-appUITests.debug.xcconfig"; sourceTree = "<group>"; };
/* End PBXFileReference section */

/* Begin PBXFrameworksBuildPhase section */
		2C675872294F48EC00914252 /* Frameworks */ = {
			isa = PBXFrameworksBuildPhase;
			buildActionMask = 2147483647;
			files = (
				3919AB9B0310E379BF45120A /* Pods_mpei_app.framework in Frameworks */,
			);
			runOnlyForDeploymentPostprocessing = 0;
		};
		2C675888294F48EF00914252 /* Frameworks */ = {
			isa = PBXFrameworksBuildPhase;
			buildActionMask = 2147483647;
			files = (
				9E2E8ED856C7C56E443983B8 /* Pods_mpei_appTests.framework in Frameworks */,
			);
			runOnlyForDeploymentPostprocessing = 0;
		};
		2C675892294F48F000914252 /* Frameworks */ = {
			isa = PBXFrameworksBuildPhase;
			buildActionMask = 2147483647;
			files = (
				09AAB01E0CF8DA27A1979F3B /* Pods_mpei_app_mpei_appUITests.framework in Frameworks */,
			);
			runOnlyForDeploymentPostprocessing = 0;
		};
/* End PBXFrameworksBuildPhase section */

/* Begin PBXGroup section */
		2C2304652951F5590069BDA3 /* Extensions */ = {
			isa = PBXGroup;
			children = (
				2C2304662951F56C0069BDA3 /* UIColor+Extension.swift */,
				2CA8FBF7295C7C630010C6F7 /* MKMapView+Extension.swift */,
			);
			path = Extensions;
			sourceTree = "<group>";
		};
		2C42F9862950EC020081E87F /* Professors */ = {
			isa = PBXGroup;
			children = (
				2C42F9872950EC2E0081E87F /* Model */,
				2C42F99C295103B50081E87F /* List */,
				2C42F99B295103AB0081E87F /* Profile */,
				2C42F9942950F3150081E87F /* DataProvider */,
			);
			path = Professors;
			sourceTree = "<group>";
		};
		2C42F9872950EC2E0081E87F /* Model */ = {
			isa = PBXGroup;
			children = (
				2C42F9882950EC5B0081E87F /* Professor.swift */,
			);
			path = Model;
			sourceTree = "<group>";
		};
		2C42F98A2950ECE50081E87F /* View */ = {
			isa = PBXGroup;
			children = (
				2C42F98C2950ED090081E87F /* ProfessorsViewController.swift */,
				2C42F9972950F4F20081E87F /* ProfessorViewCell.swift */,
				2C42F9982950F4F20081E87F /* ProfessorViewCell.xib */,
			);
			path = View;
			sourceTree = "<group>";
		};
		2C42F98B2950ECEA0081E87F /* Presenter */ = {
			isa = PBXGroup;
			children = (
				2C42F98E2950ED180081E87F /* ProfessorPresenter.swift */,
				2C42F9902950EE510081E87F /* ProfessorsViewInputDelegate.swift */,
				2C42F9922950F1630081E87F /* ProfessorsViewOutputDelegate.swift */,
			);
			path = Presenter;
			sourceTree = "<group>";
		};
		2C42F9942950F3150081E87F /* DataProvider */ = {
			isa = PBXGroup;
			children = (
				2C42F9952950F3290081E87F /* ProfessorsProvider.swift */,
			);
			path = DataProvider;
			sourceTree = "<group>";
		};
		2C42F99B295103AB0081E87F /* Profile */ = {
			isa = PBXGroup;
			children = (
				2C42F99D295103E20081E87F /* ProfileViewController.swift */,
			);
			path = Profile;
			sourceTree = "<group>";
		};
		2C42F99C295103B50081E87F /* List */ = {
			isa = PBXGroup;
			children = (
				2C42F98A2950ECE50081E87F /* View */,
				2C42F98B2950ECEA0081E87F /* Presenter */,
			);
			path = List;
			sourceTree = "<group>";
		};
		2C42F9A229510FCE0081E87F /* CommonUI */ = {
			isa = PBXGroup;
			children = (
				2C2304652951F5590069BDA3 /* Extensions */,
				2C42F9A0295105140081E87F /* LabelFactory.swift */,
			);
			path = CommonUI;
			sourceTree = "<group>";
		};
		2C67586C294F48EC00914252 = {
			isa = PBXGroup;
			children = (
				2C675877294F48EC00914252 /* mpei-app */,
				2C67588E294F48EF00914252 /* mpei-appTests */,
				2C675898294F48F000914252 /* mpei-appUITests */,
				2C675876294F48EC00914252 /* Products */,
				86F3CFF5AFEDA1C9A34E52B2 /* Pods */,
				D201050E747BEF1610B54A4B /* Frameworks */,
			);
			sourceTree = "<group>";
		};
		2C675876294F48EC00914252 /* Products */ = {
			isa = PBXGroup;
			children = (
				2C675875294F48EC00914252 /* mpei-app.app */,
				2C67588B294F48EF00914252 /* mpei-appTests.xctest */,
				2C675895294F48F000914252 /* mpei-appUITests.xctest */,
			);
			name = Products;
			sourceTree = "<group>";
		};
		2C675877294F48EC00914252 /* mpei-app */ = {
			isa = PBXGroup;
			children = (
				2C42F9A229510FCE0081E87F /* CommonUI */,
				2C42F9862950EC020081E87F /* Professors */,
				2CE73F662950C44E006C8DC0 /* CampusMap */,
				2CE73F652950C419006C8DC0 /* TabBar */,
				2CE4F930294FBA9B00A8AD26 /* Resources */,
				2CE4F92F294FBA7800A8AD26 /* Supporting files */,
				2C675886294F48EF00914252 /* Info.plist */,
				2CE4F935294FC9F700A8AD26 /* AppGraph.swift */,
			);
			path = "mpei-app";
			sourceTree = "<group>";
		};
		2C67588E294F48EF00914252 /* mpei-appTests */ = {
			isa = PBXGroup;
			children = (
				2C67588F294F48EF00914252 /* mpei_appTests.swift */,
			);
			path = "mpei-appTests";
			sourceTree = "<group>";
		};
		2C675898294F48F000914252 /* mpei-appUITests */ = {
			isa = PBXGroup;
			children = (
				2C675899294F48F000914252 /* mpei_appUITests.swift */,
				2C67589B294F48F000914252 /* mpei_appUITestsLaunchTests.swift */,
			);
			path = "mpei-appUITests";
			sourceTree = "<group>";
		};
		2CA8FBF9295C7F940010C6F7 /* View */ = {
			isa = PBXGroup;
			children = (
				2CA8FBFB295C82210010C6F7 /* UniversityMapView.swift */,
				2CA8FC00295C86F70010C6F7 /* UniversityAnnotation.swift */,
			);
			path = View;
			sourceTree = "<group>";
		};
		2CA8FBFA295C7F990010C6F7 /* Controller */ = {
			isa = PBXGroup;
			children = (
				2CE73F672950C471006C8DC0 /* MapViewController.swift */,
			);
			path = Controller;
			sourceTree = "<group>";
		};
		2CA8FBFD295C84670010C6F7 /* AnnotationsProvider */ = {
			isa = PBXGroup;
			children = (
				2CA8FBFE295C84A20010C6F7 /* AnnotationsProvider.swift */,
			);
			path = AnnotationsProvider;
			sourceTree = "<group>";
		};
		2CE4F92F294FBA7800A8AD26 /* Supporting files */ = {
			isa = PBXGroup;
			children = (
				2C67587A294F48EC00914252 /* SceneDelegate.swift */,
				2C675878294F48EC00914252 /* AppDelegate.swift */,
				2C675883294F48EF00914252 /* LaunchScreen.storyboard */,
			);
			path = "Supporting files";
			sourceTree = "<group>";
		};
		2CE4F930294FBA9B00A8AD26 /* Resources */ = {
			isa = PBXGroup;
			children = (
				2C675881294F48EF00914252 /* Assets.xcassets */,
				2CE4F931294FBAF800A8AD26 /* APIKeys.swift */,
				2CE4F933294FBB2800A8AD26 /* Keys.plist */,
			);
			path = Resources;
			sourceTree = "<group>";
		};
		2CE73F652950C419006C8DC0 /* TabBar */ = {
			isa = PBXGroup;
			children = (
				2CE73F61294FD273006C8DC0 /* TabBarViewController.swift */,
			);
			path = TabBar;
			sourceTree = "<group>";
		};
		2CE73F662950C44E006C8DC0 /* CampusMap */ = {
			isa = PBXGroup;
			children = (
				2CA8FBFD295C84670010C6F7 /* AnnotationsProvider */,
				2CA8FBFA295C7F990010C6F7 /* Controller */,
				2CA8FBF9295C7F940010C6F7 /* View */,
			);
			path = CampusMap;
			sourceTree = "<group>";
		};
		86F3CFF5AFEDA1C9A34E52B2 /* Pods */ = {
			isa = PBXGroup;
			children = (
				B2761D5A20E0273279E50034 /* Pods-mpei-app.debug.xcconfig */,
				AE64D408E402C958BF406F2A /* Pods-mpei-app.release.xcconfig */,
				CE8A5716B310A2398D4C41A9 /* Pods-mpei-app-mpei-appUITests.debug.xcconfig */,
				3710924B6EA015BCB5BB5E9D /* Pods-mpei-app-mpei-appUITests.release.xcconfig */,
				1040E5540B58AB0D3981DED4 /* Pods-mpei-appTests.debug.xcconfig */,
				A2568C74ABB10BB13C1718AD /* Pods-mpei-appTests.release.xcconfig */,
			);
			path = Pods;
			sourceTree = "<group>";
		};
		D201050E747BEF1610B54A4B /* Frameworks */ = {
			isa = PBXGroup;
			children = (
				6A9B1A97DEB2E77A8495A95D /* Pods_mpei_app.framework */,
				06B488D2B0690206E4E594DB /* Pods_mpei_app_mpei_appUITests.framework */,
				8587304F573912DBE04D0C59 /* Pods_mpei_appTests.framework */,
			);
			name = Frameworks;
			sourceTree = "<group>";
		};
/* End PBXGroup section */

/* Begin PBXNativeTarget section */
		2C675874294F48EC00914252 /* mpei-app */ = {
			isa = PBXNativeTarget;
			buildConfigurationList = 2C67589F294F48F000914252 /* Build configuration list for PBXNativeTarget "mpei-app" */;
			buildPhases = (
				13F9E863BF3E6A1D5E017213 /* [CP] Check Pods Manifest.lock */,
				2C6758A8294F4D2A00914252 /* Linter */,
				2C675871294F48EC00914252 /* Sources */,
				2C675872294F48EC00914252 /* Frameworks */,
				2C675873294F48EC00914252 /* Resources */,
				6D8A374953559EB00835E1A0 /* [CP] Embed Pods Frameworks */,
			);
			buildRules = (
			);
			dependencies = (
			);
			name = "mpei-app";
			productName = "mpei-app";
			productReference = 2C675875294F48EC00914252 /* mpei-app.app */;
			productType = "com.apple.product-type.application";
		};
		2C67588A294F48EF00914252 /* mpei-appTests */ = {
			isa = PBXNativeTarget;
			buildConfigurationList = 2C6758A2294F48F000914252 /* Build configuration list for PBXNativeTarget "mpei-appTests" */;
			buildPhases = (
				34778C5B61C743FE9AAC52B4 /* [CP] Check Pods Manifest.lock */,
				2C675887294F48EF00914252 /* Sources */,
				2C675888294F48EF00914252 /* Frameworks */,
				2C675889294F48EF00914252 /* Resources */,
			);
			buildRules = (
			);
			dependencies = (
				2C67588D294F48EF00914252 /* PBXTargetDependency */,
			);
			name = "mpei-appTests";
			productName = "mpei-appTests";
			productReference = 2C67588B294F48EF00914252 /* mpei-appTests.xctest */;
			productType = "com.apple.product-type.bundle.unit-test";
		};
		2C675894294F48F000914252 /* mpei-appUITests */ = {
			isa = PBXNativeTarget;
			buildConfigurationList = 2C6758A5294F48F000914252 /* Build configuration list for PBXNativeTarget "mpei-appUITests" */;
			buildPhases = (
				00FD3841A357585F4FE1ED62 /* [CP] Check Pods Manifest.lock */,
				2C675891294F48F000914252 /* Sources */,
				2C675892294F48F000914252 /* Frameworks */,
				2C675893294F48F000914252 /* Resources */,
				17622FEBBEFB1EFB08D58A2F /* [CP] Embed Pods Frameworks */,
			);
			buildRules = (
			);
			dependencies = (
				2C675897294F48F000914252 /* PBXTargetDependency */,
			);
			name = "mpei-appUITests";
			productName = "mpei-appUITests";
			productReference = 2C675895294F48F000914252 /* mpei-appUITests.xctest */;
			productType = "com.apple.product-type.bundle.ui-testing";
		};
/* End PBXNativeTarget section */

/* Begin PBXProject section */
		2C67586D294F48EC00914252 /* Project object */ = {
			isa = PBXProject;
			attributes = {
				BuildIndependentTargetsInParallel = 1;
				LastSwiftUpdateCheck = 1420;
				LastUpgradeCheck = 1420;
				TargetAttributes = {
					2C675874294F48EC00914252 = {
						CreatedOnToolsVersion = 14.2;
					};
					2C67588A294F48EF00914252 = {
						CreatedOnToolsVersion = 14.2;
						TestTargetID = 2C675874294F48EC00914252;
					};
					2C675894294F48F000914252 = {
						CreatedOnToolsVersion = 14.2;
						TestTargetID = 2C675874294F48EC00914252;
					};
				};
			};
			buildConfigurationList = 2C675870294F48EC00914252 /* Build configuration list for PBXProject "mpei-app" */;
			compatibilityVersion = "Xcode 14.0";
			developmentRegion = en;
			hasScannedForEncodings = 0;
			knownRegions = (
				en,
				Base,
			);
			mainGroup = 2C67586C294F48EC00914252;
			productRefGroup = 2C675876294F48EC00914252 /* Products */;
			projectDirPath = "";
			projectRoot = "";
			targets = (
				2C675874294F48EC00914252 /* mpei-app */,
				2C67588A294F48EF00914252 /* mpei-appTests */,
				2C675894294F48F000914252 /* mpei-appUITests */,
			);
		};
/* End PBXProject section */

/* Begin PBXResourcesBuildPhase section */
		2C675873294F48EC00914252 /* Resources */ = {
			isa = PBXResourcesBuildPhase;
			buildActionMask = 2147483647;
			files = (
				2CE4F934294FBB2800A8AD26 /* Keys.plist in Resources */,
				2C42F99A2950F4F20081E87F /* ProfessorViewCell.xib in Resources */,
				2C675885294F48EF00914252 /* LaunchScreen.storyboard in Resources */,
				2C675882294F48EF00914252 /* Assets.xcassets in Resources */,
			);
			runOnlyForDeploymentPostprocessing = 0;
		};
		2C675889294F48EF00914252 /* Resources */ = {
			isa = PBXResourcesBuildPhase;
			buildActionMask = 2147483647;
			files = (
			);
			runOnlyForDeploymentPostprocessing = 0;
		};
		2C675893294F48F000914252 /* Resources */ = {
			isa = PBXResourcesBuildPhase;
			buildActionMask = 2147483647;
			files = (
			);
			runOnlyForDeploymentPostprocessing = 0;
		};
/* End PBXResourcesBuildPhase section */

/* Begin PBXShellScriptBuildPhase section */
		00FD3841A357585F4FE1ED62 /* [CP] Check Pods Manifest.lock */ = {
			isa = PBXShellScriptBuildPhase;
			buildActionMask = 2147483647;
			files = (
			);
			inputFileListPaths = (
			);
			inputPaths = (
				"${PODS_PODFILE_DIR_PATH}/Podfile.lock",
				"${PODS_ROOT}/Manifest.lock",
			);
			name = "[CP] Check Pods Manifest.lock";
			outputFileListPaths = (
			);
			outputPaths = (
				"$(DERIVED_FILE_DIR)/Pods-mpei-app-mpei-appUITests-checkManifestLockResult.txt",
			);
			runOnlyForDeploymentPostprocessing = 0;
			shellPath = /bin/sh;
			shellScript = "diff \"${PODS_PODFILE_DIR_PATH}/Podfile.lock\" \"${PODS_ROOT}/Manifest.lock\" > /dev/null\nif [ $? != 0 ] ; then\n    # print error to STDERR\n    echo \"error: The sandbox is not in sync with the Podfile.lock. Run 'pod install' or update your CocoaPods installation.\" >&2\n    exit 1\nfi\n# This output is used by Xcode 'outputs' to avoid re-running this script phase.\necho \"SUCCESS\" > \"${SCRIPT_OUTPUT_FILE_0}\"\n";
			showEnvVarsInLog = 0;
		};
		13F9E863BF3E6A1D5E017213 /* [CP] Check Pods Manifest.lock */ = {
			isa = PBXShellScriptBuildPhase;
			buildActionMask = 2147483647;
			files = (
			);
			inputFileListPaths = (
			);
			inputPaths = (
				"${PODS_PODFILE_DIR_PATH}/Podfile.lock",
				"${PODS_ROOT}/Manifest.lock",
			);
			name = "[CP] Check Pods Manifest.lock";
			outputFileListPaths = (
			);
			outputPaths = (
				"$(DERIVED_FILE_DIR)/Pods-mpei-app-checkManifestLockResult.txt",
			);
			runOnlyForDeploymentPostprocessing = 0;
			shellPath = /bin/sh;
			shellScript = "diff \"${PODS_PODFILE_DIR_PATH}/Podfile.lock\" \"${PODS_ROOT}/Manifest.lock\" > /dev/null\nif [ $? != 0 ] ; then\n    # print error to STDERR\n    echo \"error: The sandbox is not in sync with the Podfile.lock. Run 'pod install' or update your CocoaPods installation.\" >&2\n    exit 1\nfi\n# This output is used by Xcode 'outputs' to avoid re-running this script phase.\necho \"SUCCESS\" > \"${SCRIPT_OUTPUT_FILE_0}\"\n";
			showEnvVarsInLog = 0;
		};
		17622FEBBEFB1EFB08D58A2F /* [CP] Embed Pods Frameworks */ = {
			isa = PBXShellScriptBuildPhase;
			buildActionMask = 2147483647;
			files = (
			);
			inputFileListPaths = (
				"${PODS_ROOT}/Target Support Files/Pods-mpei-app-mpei-appUITests/Pods-mpei-app-mpei-appUITests-frameworks-${CONFIGURATION}-input-files.xcfilelist",
			);
			name = "[CP] Embed Pods Frameworks";
			outputFileListPaths = (
				"${PODS_ROOT}/Target Support Files/Pods-mpei-app-mpei-appUITests/Pods-mpei-app-mpei-appUITests-frameworks-${CONFIGURATION}-output-files.xcfilelist",
			);
			runOnlyForDeploymentPostprocessing = 0;
			shellPath = /bin/sh;
			shellScript = "\"${PODS_ROOT}/Target Support Files/Pods-mpei-app-mpei-appUITests/Pods-mpei-app-mpei-appUITests-frameworks.sh\"\n";
			showEnvVarsInLog = 0;
		};
		2C6758A8294F4D2A00914252 /* Linter */ = {
			isa = PBXShellScriptBuildPhase;
			buildActionMask = 12;
			files = (
			);
			inputFileListPaths = (
			);
			inputPaths = (
			);
			name = Linter;
			outputFileListPaths = (
			);
			outputPaths = (
			);
			runOnlyForDeploymentPostprocessing = 0;
			shellPath = /bin/sh;
			shellScript = "\"${PODS_ROOT}/SwiftLint/swiftlint\"\n";
		};
		34778C5B61C743FE9AAC52B4 /* [CP] Check Pods Manifest.lock */ = {
			isa = PBXShellScriptBuildPhase;
			buildActionMask = 2147483647;
			files = (
			);
			inputFileListPaths = (
			);
			inputPaths = (
				"${PODS_PODFILE_DIR_PATH}/Podfile.lock",
				"${PODS_ROOT}/Manifest.lock",
			);
			name = "[CP] Check Pods Manifest.lock";
			outputFileListPaths = (
			);
			outputPaths = (
				"$(DERIVED_FILE_DIR)/Pods-mpei-appTests-checkManifestLockResult.txt",
			);
			runOnlyForDeploymentPostprocessing = 0;
			shellPath = /bin/sh;
			shellScript = "diff \"${PODS_PODFILE_DIR_PATH}/Podfile.lock\" \"${PODS_ROOT}/Manifest.lock\" > /dev/null\nif [ $? != 0 ] ; then\n    # print error to STDERR\n    echo \"error: The sandbox is not in sync with the Podfile.lock. Run 'pod install' or update your CocoaPods installation.\" >&2\n    exit 1\nfi\n# This output is used by Xcode 'outputs' to avoid re-running this script phase.\necho \"SUCCESS\" > \"${SCRIPT_OUTPUT_FILE_0}\"\n";
			showEnvVarsInLog = 0;
		};
		6D8A374953559EB00835E1A0 /* [CP] Embed Pods Frameworks */ = {
			isa = PBXShellScriptBuildPhase;
			buildActionMask = 2147483647;
			files = (
			);
			inputFileListPaths = (
				"${PODS_ROOT}/Target Support Files/Pods-mpei-app/Pods-mpei-app-frameworks-${CONFIGURATION}-input-files.xcfilelist",
			);
			name = "[CP] Embed Pods Frameworks";
			outputFileListPaths = (
				"${PODS_ROOT}/Target Support Files/Pods-mpei-app/Pods-mpei-app-frameworks-${CONFIGURATION}-output-files.xcfilelist",
			);
			runOnlyForDeploymentPostprocessing = 0;
			shellPath = /bin/sh;
			shellScript = "\"${PODS_ROOT}/Target Support Files/Pods-mpei-app/Pods-mpei-app-frameworks.sh\"\n";
			showEnvVarsInLog = 0;
		};
/* End PBXShellScriptBuildPhase section */

/* Begin PBXSourcesBuildPhase section */
		2C675871294F48EC00914252 /* Sources */ = {
			isa = PBXSourcesBuildPhase;
			buildActionMask = 2147483647;
			files = (
				2C42F98F2950ED180081E87F /* ProfessorPresenter.swift in Sources */,
				2C675879294F48EC00914252 /* AppDelegate.swift in Sources */,
				2CE4F936294FC9F700A8AD26 /* AppGraph.swift in Sources */,
				2CA8FBFC295C82210010C6F7 /* UniversityMapView.swift in Sources */,
				2C2304672951F56C0069BDA3 /* UIColor+Extension.swift in Sources */,
				2CE73F62294FD273006C8DC0 /* TabBarViewController.swift in Sources */,
				2CA8FC01295C86F70010C6F7 /* UniversityAnnotation.swift in Sources */,
				2C42F9A1295105140081E87F /* LabelFactory.swift in Sources */,
				2C42F9992950F4F20081E87F /* ProfessorViewCell.swift in Sources */,
				2CA8FBFF295C84A20010C6F7 /* AnnotationsProvider.swift in Sources */,
				2CA8FBF8295C7C630010C6F7 /* MKMapView+Extension.swift in Sources */,
				2CE4F932294FBAF800A8AD26 /* APIKeys.swift in Sources */,
				2C42F9892950EC5B0081E87F /* Professor.swift in Sources */,
				2C42F98D2950ED090081E87F /* ProfessorsViewController.swift in Sources */,
				2C42F9962950F3290081E87F /* ProfessorsProvider.swift in Sources */,
				2C42F9912950EE510081E87F /* ProfessorsViewInputDelegate.swift in Sources */,
				2C67587B294F48EC00914252 /* SceneDelegate.swift in Sources */,
				2C42F99E295103E20081E87F /* ProfileViewController.swift in Sources */,
				2CE73F682950C471006C8DC0 /* MapViewController.swift in Sources */,
				2C42F9932950F1630081E87F /* ProfessorsViewOutputDelegate.swift in Sources */,
			);
			runOnlyForDeploymentPostprocessing = 0;
		};
		2C675887294F48EF00914252 /* Sources */ = {
			isa = PBXSourcesBuildPhase;
			buildActionMask = 2147483647;
			files = (
				2C675890294F48EF00914252 /* mpei_appTests.swift in Sources */,
			);
			runOnlyForDeploymentPostprocessing = 0;
		};
		2C675891294F48F000914252 /* Sources */ = {
			isa = PBXSourcesBuildPhase;
			buildActionMask = 2147483647;
			files = (
				2C67589C294F48F000914252 /* mpei_appUITestsLaunchTests.swift in Sources */,
				2C67589A294F48F000914252 /* mpei_appUITests.swift in Sources */,
			);
			runOnlyForDeploymentPostprocessing = 0;
		};
/* End PBXSourcesBuildPhase section */

/* Begin PBXTargetDependency section */
		2C67588D294F48EF00914252 /* PBXTargetDependency */ = {
			isa = PBXTargetDependency;
			target = 2C675874294F48EC00914252 /* mpei-app */;
			targetProxy = 2C67588C294F48EF00914252 /* PBXContainerItemProxy */;
		};
		2C675897294F48F000914252 /* PBXTargetDependency */ = {
			isa = PBXTargetDependency;
			target = 2C675874294F48EC00914252 /* mpei-app */;
			targetProxy = 2C675896294F48F000914252 /* PBXContainerItemProxy */;
		};
/* End PBXTargetDependency section */

/* Begin PBXVariantGroup section */
		2C675883294F48EF00914252 /* LaunchScreen.storyboard */ = {
			isa = PBXVariantGroup;
			children = (
				2C675884294F48EF00914252 /* Base */,
			);
			name = LaunchScreen.storyboard;
			sourceTree = "<group>";
		};
/* End PBXVariantGroup section */

/* Begin XCBuildConfiguration section */
		2C67589D294F48F000914252 /* Debug */ = {
			isa = XCBuildConfiguration;
			buildSettings = {
				ALWAYS_SEARCH_USER_PATHS = NO;
				CLANG_ANALYZER_NONNULL = YES;
				CLANG_ANALYZER_NUMBER_OBJECT_CONVERSION = YES_AGGRESSIVE;
				CLANG_CXX_LANGUAGE_STANDARD = "gnu++20";
				CLANG_ENABLE_MODULES = YES;
				CLANG_ENABLE_OBJC_ARC = YES;
				CLANG_ENABLE_OBJC_WEAK = YES;
				CLANG_WARN_BLOCK_CAPTURE_AUTORELEASING = YES;
				CLANG_WARN_BOOL_CONVERSION = YES;
				CLANG_WARN_COMMA = YES;
				CLANG_WARN_CONSTANT_CONVERSION = YES;
				CLANG_WARN_DEPRECATED_OBJC_IMPLEMENTATIONS = YES;
				CLANG_WARN_DIRECT_OBJC_ISA_USAGE = YES_ERROR;
				CLANG_WARN_DOCUMENTATION_COMMENTS = YES;
				CLANG_WARN_EMPTY_BODY = YES;
				CLANG_WARN_ENUM_CONVERSION = YES;
				CLANG_WARN_INFINITE_RECURSION = YES;
				CLANG_WARN_INT_CONVERSION = YES;
				CLANG_WARN_NON_LITERAL_NULL_CONVERSION = YES;
				CLANG_WARN_OBJC_IMPLICIT_RETAIN_SELF = YES;
				CLANG_WARN_OBJC_LITERAL_CONVERSION = YES;
				CLANG_WARN_OBJC_ROOT_CLASS = YES_ERROR;
				CLANG_WARN_QUOTED_INCLUDE_IN_FRAMEWORK_HEADER = YES;
				CLANG_WARN_RANGE_LOOP_ANALYSIS = YES;
				CLANG_WARN_STRICT_PROTOTYPES = YES;
				CLANG_WARN_SUSPICIOUS_MOVE = YES;
				CLANG_WARN_UNGUARDED_AVAILABILITY = YES_AGGRESSIVE;
				CLANG_WARN_UNREACHABLE_CODE = YES;
				CLANG_WARN__DUPLICATE_METHOD_MATCH = YES;
				COPY_PHASE_STRIP = NO;
				DEBUG_INFORMATION_FORMAT = dwarf;
				ENABLE_STRICT_OBJC_MSGSEND = YES;
				ENABLE_TESTABILITY = YES;
				GCC_C_LANGUAGE_STANDARD = gnu11;
				GCC_DYNAMIC_NO_PIC = NO;
				GCC_NO_COMMON_BLOCKS = YES;
				GCC_OPTIMIZATION_LEVEL = 0;
				GCC_PREPROCESSOR_DEFINITIONS = (
					"DEBUG=1",
					"$(inherited)",
				);
				GCC_WARN_64_TO_32_BIT_CONVERSION = YES;
				GCC_WARN_ABOUT_RETURN_TYPE = YES_ERROR;
				GCC_WARN_UNDECLARED_SELECTOR = YES;
				GCC_WARN_UNINITIALIZED_AUTOS = YES_AGGRESSIVE;
				GCC_WARN_UNUSED_FUNCTION = YES;
				GCC_WARN_UNUSED_VARIABLE = YES;
				IPHONEOS_DEPLOYMENT_TARGET = 16.2;
				MTL_ENABLE_DEBUG_INFO = INCLUDE_SOURCE;
				MTL_FAST_MATH = YES;
				ONLY_ACTIVE_ARCH = YES;
				SDKROOT = iphoneos;
				SWIFT_ACTIVE_COMPILATION_CONDITIONS = DEBUG;
				SWIFT_OPTIMIZATION_LEVEL = "-Onone";
			};
			name = Debug;
		};
		2C67589E294F48F000914252 /* Release */ = {
			isa = XCBuildConfiguration;
			buildSettings = {
				ALWAYS_SEARCH_USER_PATHS = NO;
				CLANG_ANALYZER_NONNULL = YES;
				CLANG_ANALYZER_NUMBER_OBJECT_CONVERSION = YES_AGGRESSIVE;
				CLANG_CXX_LANGUAGE_STANDARD = "gnu++20";
				CLANG_ENABLE_MODULES = YES;
				CLANG_ENABLE_OBJC_ARC = YES;
				CLANG_ENABLE_OBJC_WEAK = YES;
				CLANG_WARN_BLOCK_CAPTURE_AUTORELEASING = YES;
				CLANG_WARN_BOOL_CONVERSION = YES;
				CLANG_WARN_COMMA = YES;
				CLANG_WARN_CONSTANT_CONVERSION = YES;
				CLANG_WARN_DEPRECATED_OBJC_IMPLEMENTATIONS = YES;
				CLANG_WARN_DIRECT_OBJC_ISA_USAGE = YES_ERROR;
				CLANG_WARN_DOCUMENTATION_COMMENTS = YES;
				CLANG_WARN_EMPTY_BODY = YES;
				CLANG_WARN_ENUM_CONVERSION = YES;
				CLANG_WARN_INFINITE_RECURSION = YES;
				CLANG_WARN_INT_CONVERSION = YES;
				CLANG_WARN_NON_LITERAL_NULL_CONVERSION = YES;
				CLANG_WARN_OBJC_IMPLICIT_RETAIN_SELF = YES;
				CLANG_WARN_OBJC_LITERAL_CONVERSION = YES;
				CLANG_WARN_OBJC_ROOT_CLASS = YES_ERROR;
				CLANG_WARN_QUOTED_INCLUDE_IN_FRAMEWORK_HEADER = YES;
				CLANG_WARN_RANGE_LOOP_ANALYSIS = YES;
				CLANG_WARN_STRICT_PROTOTYPES = YES;
				CLANG_WARN_SUSPICIOUS_MOVE = YES;
				CLANG_WARN_UNGUARDED_AVAILABILITY = YES_AGGRESSIVE;
				CLANG_WARN_UNREACHABLE_CODE = YES;
				CLANG_WARN__DUPLICATE_METHOD_MATCH = YES;
				COPY_PHASE_STRIP = NO;
				DEBUG_INFORMATION_FORMAT = "dwarf-with-dsym";
				ENABLE_NS_ASSERTIONS = NO;
				ENABLE_STRICT_OBJC_MSGSEND = YES;
				GCC_C_LANGUAGE_STANDARD = gnu11;
				GCC_NO_COMMON_BLOCKS = YES;
				GCC_WARN_64_TO_32_BIT_CONVERSION = YES;
				GCC_WARN_ABOUT_RETURN_TYPE = YES_ERROR;
				GCC_WARN_UNDECLARED_SELECTOR = YES;
				GCC_WARN_UNINITIALIZED_AUTOS = YES_AGGRESSIVE;
				GCC_WARN_UNUSED_FUNCTION = YES;
				GCC_WARN_UNUSED_VARIABLE = YES;
				IPHONEOS_DEPLOYMENT_TARGET = 16.2;
				MTL_ENABLE_DEBUG_INFO = NO;
				MTL_FAST_MATH = YES;
				SDKROOT = iphoneos;
				SWIFT_COMPILATION_MODE = wholemodule;
				SWIFT_OPTIMIZATION_LEVEL = "-O";
				VALIDATE_PRODUCT = YES;
			};
			name = Release;
		};
		2C6758A0294F48F000914252 /* Debug */ = {
			isa = XCBuildConfiguration;
			baseConfigurationReference = B2761D5A20E0273279E50034 /* Pods-mpei-app.debug.xcconfig */;
			buildSettings = {
				ASSETCATALOG_COMPILER_APPICON_NAME = AppIcon;
				ASSETCATALOG_COMPILER_GLOBAL_ACCENT_COLOR_NAME = AccentColor;
				CODE_SIGN_STYLE = Automatic;
				CURRENT_PROJECT_VERSION = 1;
				DEVELOPMENT_TEAM = 4LM2FRMCNV;
				GENERATE_INFOPLIST_FILE = YES;
				INFOPLIST_FILE = "mpei-app/Info.plist";
				INFOPLIST_KEY_UIApplicationSupportsIndirectInputEvents = YES;
				INFOPLIST_KEY_UILaunchStoryboardName = LaunchScreen;
				INFOPLIST_KEY_UISupportedInterfaceOrientations_iPad = "UIInterfaceOrientationPortrait UIInterfaceOrientationPortraitUpsideDown UIInterfaceOrientationLandscapeLeft UIInterfaceOrientationLandscapeRight";
				INFOPLIST_KEY_UISupportedInterfaceOrientations_iPhone = "UIInterfaceOrientationPortrait UIInterfaceOrientationLandscapeLeft UIInterfaceOrientationLandscapeRight";
				IPHONEOS_DEPLOYMENT_TARGET = 14.0;
				LD_RUNPATH_SEARCH_PATHS = (
					"$(inherited)",
					"@executable_path/Frameworks",
				);
				MARKETING_VERSION = 1.0;
				PRODUCT_BUNDLE_IDENTIFIER = "Gleb.Fandeev.mpei-app";
				PRODUCT_NAME = "$(TARGET_NAME)";
				SWIFT_EMIT_LOC_STRINGS = YES;
				SWIFT_VERSION = 5.0;
				TARGETED_DEVICE_FAMILY = "1,2";
			};
			name = Debug;
		};
		2C6758A1294F48F000914252 /* Release */ = {
			isa = XCBuildConfiguration;
			baseConfigurationReference = AE64D408E402C958BF406F2A /* Pods-mpei-app.release.xcconfig */;
			buildSettings = {
				ASSETCATALOG_COMPILER_APPICON_NAME = AppIcon;
				ASSETCATALOG_COMPILER_GLOBAL_ACCENT_COLOR_NAME = AccentColor;
				CODE_SIGN_STYLE = Automatic;
				CURRENT_PROJECT_VERSION = 1;
				DEVELOPMENT_TEAM = 4LM2FRMCNV;
				GENERATE_INFOPLIST_FILE = YES;
				INFOPLIST_FILE = "mpei-app/Info.plist";
				INFOPLIST_KEY_UIApplicationSupportsIndirectInputEvents = YES;
				INFOPLIST_KEY_UILaunchStoryboardName = LaunchScreen;
				INFOPLIST_KEY_UISupportedInterfaceOrientations_iPad = "UIInterfaceOrientationPortrait UIInterfaceOrientationPortraitUpsideDown UIInterfaceOrientationLandscapeLeft UIInterfaceOrientationLandscapeRight";
				INFOPLIST_KEY_UISupportedInterfaceOrientations_iPhone = "UIInterfaceOrientationPortrait UIInterfaceOrientationLandscapeLeft UIInterfaceOrientationLandscapeRight";
				IPHONEOS_DEPLOYMENT_TARGET = 14.0;
				LD_RUNPATH_SEARCH_PATHS = (
					"$(inherited)",
					"@executable_path/Frameworks",
				);
				MARKETING_VERSION = 1.0;
				PRODUCT_BUNDLE_IDENTIFIER = "Gleb.Fandeev.mpei-app";
				PRODUCT_NAME = "$(TARGET_NAME)";
				SWIFT_EMIT_LOC_STRINGS = YES;
				SWIFT_VERSION = 5.0;
				TARGETED_DEVICE_FAMILY = "1,2";
			};
			name = Release;
		};
		2C6758A3294F48F000914252 /* Debug */ = {
			isa = XCBuildConfiguration;
			baseConfigurationReference = 1040E5540B58AB0D3981DED4 /* Pods-mpei-appTests.debug.xcconfig */;
			buildSettings = {
				ALWAYS_EMBED_SWIFT_STANDARD_LIBRARIES = YES;
				BUNDLE_LOADER = "$(TEST_HOST)";
				CODE_SIGN_STYLE = Automatic;
				CURRENT_PROJECT_VERSION = 1;
				DEVELOPMENT_TEAM = 4LM2FRMCNV;
				GENERATE_INFOPLIST_FILE = YES;
				IPHONEOS_DEPLOYMENT_TARGET = 16.2;
				MARKETING_VERSION = 1.0;
				PRODUCT_BUNDLE_IDENTIFIER = "Gleb.Fandeev.mpei-appTests";
				PRODUCT_NAME = "$(TARGET_NAME)";
				SWIFT_EMIT_LOC_STRINGS = NO;
				SWIFT_VERSION = 5.0;
				TARGETED_DEVICE_FAMILY = "1,2";
				TEST_HOST = "$(BUILT_PRODUCTS_DIR)/mpei-app.app/$(BUNDLE_EXECUTABLE_FOLDER_PATH)/mpei-app";
			};
			name = Debug;
		};
		2C6758A4294F48F000914252 /* Release */ = {
			isa = XCBuildConfiguration;
			baseConfigurationReference = A2568C74ABB10BB13C1718AD /* Pods-mpei-appTests.release.xcconfig */;
			buildSettings = {
				ALWAYS_EMBED_SWIFT_STANDARD_LIBRARIES = YES;
				BUNDLE_LOADER = "$(TEST_HOST)";
				CODE_SIGN_STYLE = Automatic;
				CURRENT_PROJECT_VERSION = 1;
				DEVELOPMENT_TEAM = 4LM2FRMCNV;
				GENERATE_INFOPLIST_FILE = YES;
				IPHONEOS_DEPLOYMENT_TARGET = 16.2;
				MARKETING_VERSION = 1.0;
				PRODUCT_BUNDLE_IDENTIFIER = "Gleb.Fandeev.mpei-appTests";
				PRODUCT_NAME = "$(TARGET_NAME)";
				SWIFT_EMIT_LOC_STRINGS = NO;
				SWIFT_VERSION = 5.0;
				TARGETED_DEVICE_FAMILY = "1,2";
				TEST_HOST = "$(BUILT_PRODUCTS_DIR)/mpei-app.app/$(BUNDLE_EXECUTABLE_FOLDER_PATH)/mpei-app";
			};
			name = Release;
		};
		2C6758A6294F48F000914252 /* Debug */ = {
			isa = XCBuildConfiguration;
			baseConfigurationReference = CE8A5716B310A2398D4C41A9 /* Pods-mpei-app-mpei-appUITests.debug.xcconfig */;
			buildSettings = {
				ALWAYS_EMBED_SWIFT_STANDARD_LIBRARIES = YES;
				CODE_SIGN_STYLE = Automatic;
				CURRENT_PROJECT_VERSION = 1;
				DEVELOPMENT_TEAM = 4LM2FRMCNV;
				GENERATE_INFOPLIST_FILE = YES;
				MARKETING_VERSION = 1.0;
				PRODUCT_BUNDLE_IDENTIFIER = "Gleb.Fandeev.mpei-appUITests";
				PRODUCT_NAME = "$(TARGET_NAME)";
				SWIFT_EMIT_LOC_STRINGS = NO;
				SWIFT_VERSION = 5.0;
				TARGETED_DEVICE_FAMILY = "1,2";
				TEST_TARGET_NAME = "mpei-app";
			};
			name = Debug;
		};
		2C6758A7294F48F000914252 /* Release */ = {
			isa = XCBuildConfiguration;
			baseConfigurationReference = 3710924B6EA015BCB5BB5E9D /* Pods-mpei-app-mpei-appUITests.release.xcconfig */;
			buildSettings = {
				ALWAYS_EMBED_SWIFT_STANDARD_LIBRARIES = YES;
				CODE_SIGN_STYLE = Automatic;
				CURRENT_PROJECT_VERSION = 1;
				DEVELOPMENT_TEAM = 4LM2FRMCNV;
				GENERATE_INFOPLIST_FILE = YES;
				MARKETING_VERSION = 1.0;
				PRODUCT_BUNDLE_IDENTIFIER = "Gleb.Fandeev.mpei-appUITests";
				PRODUCT_NAME = "$(TARGET_NAME)";
				SWIFT_EMIT_LOC_STRINGS = NO;
				SWIFT_VERSION = 5.0;
				TARGETED_DEVICE_FAMILY = "1,2";
				TEST_TARGET_NAME = "mpei-app";
			};
			name = Release;
		};
/* End XCBuildConfiguration section */

/* Begin XCConfigurationList section */
		2C675870294F48EC00914252 /* Build configuration list for PBXProject "mpei-app" */ = {
			isa = XCConfigurationList;
			buildConfigurations = (
				2C67589D294F48F000914252 /* Debug */,
				2C67589E294F48F000914252 /* Release */,
			);
			defaultConfigurationIsVisible = 0;
			defaultConfigurationName = Release;
		};
		2C67589F294F48F000914252 /* Build configuration list for PBXNativeTarget "mpei-app" */ = {
			isa = XCConfigurationList;
			buildConfigurations = (
				2C6758A0294F48F000914252 /* Debug */,
				2C6758A1294F48F000914252 /* Release */,
			);
			defaultConfigurationIsVisible = 0;
			defaultConfigurationName = Release;
		};
		2C6758A2294F48F000914252 /* Build configuration list for PBXNativeTarget "mpei-appTests" */ = {
			isa = XCConfigurationList;
			buildConfigurations = (
				2C6758A3294F48F000914252 /* Debug */,
				2C6758A4294F48F000914252 /* Release */,
			);
			defaultConfigurationIsVisible = 0;
			defaultConfigurationName = Release;
		};
		2C6758A5294F48F000914252 /* Build configuration list for PBXNativeTarget "mpei-appUITests" */ = {
			isa = XCConfigurationList;
			buildConfigurations = (
				2C6758A6294F48F000914252 /* Debug */,
				2C6758A7294F48F000914252 /* Release */,
			);
			defaultConfigurationIsVisible = 0;
			defaultConfigurationName = Release;
		};
/* End XCConfigurationList section */
	};
	rootObject = 2C67586D294F48EC00914252 /* Project object */;
}
